<?xml version="1.0" encoding="utf-8"?>
<Project ToolsVersion="4.0" xmlns="http://schemas.microsoft.com/developer/msbuild/2003">
  <ItemGroup>
    <Filter Include="Source Files">
      <UniqueIdentifier>{4FC737F1-C7A5-4376-A066-2A32D752A2FF}</UniqueIdentifier>
      <Extensions>cpp;c;cc;cxx;c++;cppm;ixx;def;odl;idl;hpj;bat;asm;asmx</Extensions>
    </Filter>
    <Filter Include="Header Files">
      <UniqueIdentifier>{93995380-89BD-4b04-88EB-625FBE52EBFB}</UniqueIdentifier>
      <Extensions>h;hh;hpp;hxx;h++;hm;inl;inc;ipp;xsd</Extensions>
    </Filter>
    <Filter Include="Resource Files">
      <UniqueIdentifier>{67DA6AB6-F800-4c08-8B7A-83BB121AAD01}</UniqueIdentifier>
      <Extensions>rc;ico;cur;bmp;dlg;rc2;rct;bin;rgs;gif;jpg;jpeg;jpe;resx;tiff;tif;png;wav;mfcribbon-ms</Extensions>
    </Filter>
    <Filter Include="Source Files\models">
      <UniqueIdentifier>{5eb697c0-f225-4eb0-87f6-f0fff26dbde5}</UniqueIdentifier>
    </Filter>
    <Filter Include="Source Files\helpers">
      <UniqueIdentifier>{684958c0-8b6b-48a0-816c-d8a59151b176}</UniqueIdentifier>
    </Filter>
  </ItemGroup>
  <ItemGroup>
    <ClCompile Include="passag.c">
      <Filter>Source Files</Filter>
    </ClCompile>
    <ClCompile Include="passag.model.c">
      <Filter>Source Files\models</Filter>
    </ClCompile>
    <ClCompile Include="..\control\main.helper.c">
      <Filter>Source Files\helpers</Filter>
    </ClCompile>
    <ClCompile Include="passag.console.c">
      <Filter>Source Files\helpers</Filter>
    </ClCompile>
  </ItemGroup>
  <ItemGroup>
    <ClInclude Include="passag.model.h">
      <Filter>Header Files</Filter>
    </ClInclude>
    <ClInclude Include="..\control\main.helper.h">
      <Filter>Source Files\helpers</Filter>
    </ClInclude>
    <ClInclude Include="passag.console.h">
      <Filter>Source Files\helpers</Filter>
    </ClInclude>
  </ItemGroup>
</Project>